
Microsoft Visual Studio Solution File, Format Version 12.00
# Visual Studio Version 17
VisualStudioVersion = 17.8.34525.116
MinimumVisualStudioVersion = 10.0.40219.1
Project("{FAE04EC0-301F-11D3-BF4B-00C04F79EFBC}") = "Menghitung Bangun Datar", "Menghitung Bangun Datar\Menghitung Bangun Datar.csproj", "{1D63D272-0D6F-4AB4-A2DB-133515955493}"
EndProject
Global
	GlobalSection(SolutionConfigurationPlatforms) = preSolution
		Debug|Any CPU = Debug|Any CPU
		Release|Any CPU = Release|Any CPU
	EndGlobalSection
	GlobalSection(ProjectConfigurationPlatforms) = postSolution
		{1D63D272-0D6F-4AB4-A2DB-133515955493}.Debug|Any CPU.ActiveCfg = Debug|Any CPU
		{1D63D272-0D6F-4AB4-A2DB-133515955493}.Debug|Any CPU.Build.0 = Debug|Any CPU
		{1D63D272-0D6F-4AB4-A2DB-133515955493}.Release|Any CPU.ActiveCfg = Release|Any CPU
		{1D63D272-0D6F-4AB4-A2DB-133515955493}.Release|Any CPU.Build.0 = Release|Any CPU
	EndGlobalSection
	GlobalSection(SolutionProperties) = preSolution
		HideSolutionNode = FALSE
	EndGlobalSection
	GlobalSection(ExtensibilityGlobals) = postSolution
		SolutionGuid = {6232C460-7546-42E0-926C-3D7EDC81D1E9}
	EndGlobalSection
EndGlobal
